
Microsoft Visual Studio Solution File, Format Version 12.00
# Visual Studio Version 16
VisualStudioVersion = 16.0.31702.278
MinimumVisualStudioVersion = 10.0.40219.1
Project("{9A19103F-16F7-4668-BE54-9A1E7A4F7556}") = "Domino.Api", "DominoApi\Domino.Api.csproj", "{BB3DD1F2-05DA-4909-8565-B8B2EBD24806}"
EndProject
Project("{9A19103F-16F7-4668-BE54-9A1E7A4F7556}") = "Domino.Core", "Domino.Core\Domino.Core.csproj", "{B99822B3-45B9-48E3-ACEE-3D755E170757}"
EndProject
Project("{9A19103F-16F7-4668-BE54-9A1E7A4F7556}") = "Domino.Infrastructure", "Domino.Infrastructure\Domino.Infrastructure.csproj", "{9E1904E2-2F01-4792-8151-CD6E43960DAB}"
EndProject
Global
	GlobalSection(SolutionConfigurationPlatforms) = preSolution
		Debug|Any CPU = Debug|Any CPU
		Release|Any CPU = Release|Any CPU
	EndGlobalSection
	GlobalSection(ProjectConfigurationPlatforms) = postSolution
		{BB3DD1F2-05DA-4909-8565-B8B2EBD24806}.Debug|Any CPU.ActiveCfg = Debug|Any CPU
		{BB3DD1F2-05DA-4909-8565-B8B2EBD24806}.Debug|Any CPU.Build.0 = Debug|Any CPU
		{BB3DD1F2-05DA-4909-8565-B8B2EBD24806}.Release|Any CPU.ActiveCfg = Release|Any CPU
		{BB3DD1F2-05DA-4909-8565-B8B2EBD24806}.Release|Any CPU.Build.0 = Release|Any CPU
		{B99822B3-45B9-48E3-ACEE-3D755E170757}.Debug|Any CPU.ActiveCfg = Debug|Any CPU
		{B99822B3-45B9-48E3-ACEE-3D755E170757}.Debug|Any CPU.Build.0 = Debug|Any CPU
		{B99822B3-45B9-48E3-ACEE-3D755E170757}.Release|Any CPU.ActiveCfg = Release|Any CPU
		{B99822B3-45B9-48E3-ACEE-3D755E170757}.Release|Any CPU.Build.0 = Release|Any CPU
		{9E1904E2-2F01-4792-8151-CD6E43960DAB}.Debug|Any CPU.ActiveCfg = Debug|Any CPU
		{9E1904E2-2F01-4792-8151-CD6E43960DAB}.Debug|Any CPU.Build.0 = Debug|Any CPU
		{9E1904E2-2F01-4792-8151-CD6E43960DAB}.Release|Any CPU.ActiveCfg = Release|Any CPU
		{9E1904E2-2F01-4792-8151-CD6E43960DAB}.Release|Any CPU.Build.0 = Release|Any CPU
	EndGlobalSection
	GlobalSection(SolutionProperties) = preSolution
		HideSolutionNode = FALSE
	EndGlobalSection
	GlobalSection(ExtensibilityGlobals) = postSolution
		SolutionGuid = {A52390D7-C792-4F1B-93B5-96C3B5304DC6}
	EndGlobalSection
EndGlobal
